
Microsoft Visual Studio Solution File, Format Version 12.00
# Visual Studio 2015
Project("{FAE04EC0-301F-11D3-BF4B-00C04F79EFBC}") = "teach.CSharp", "teach.CSharp.csproj", "{5C2B0AC5-0419-8870-2293-E561964D6B22}"
EndProject
Global
	GlobalSection(SolutionConfigurationPlatforms) = preSolution
		Debug|Any CPU = Debug|Any CPU
		Release|Any CPU = Release|Any CPU
	EndGlobalSection
	GlobalSection(ProjectConfigurationPlatforms) = postSolution
		{5C2B0AC5-0419-8870-2293-E561964D6B22}.Debug|Any CPU.ActiveCfg = Debug|Any CPU
		{5C2B0AC5-0419-8870-2293-E561964D6B22}.Debug|Any CPU.Build.0 = Debug|Any CPU
		{5C2B0AC5-0419-8870-2293-E561964D6B22}.Release|Any CPU.ActiveCfg = Release|Any CPU
		{5C2B0AC5-0419-8870-2293-E561964D6B22}.Release|Any CPU.Build.0 = Release|Any CPU
	EndGlobalSection
	GlobalSection(SolutionProperties) = preSolution
		HideSolutionNode = FALSE
	EndGlobalSection
EndGlobal
